
Microsoft Visual Studio Solution File, Format Version 12.00
# Visual Studio Version 17
VisualStudioVersion = 17.2.32516.85
MinimumVisualStudioVersion = 10.0.40219.1
Project("{FAE04EC0-301F-11D3-BF4B-00C04F79EFBC}") = "PlataformaCitas", "PlataformaCitas\PlataformaCitas.csproj", "{7E1AE84A-C779-4770-A1AA-3CCEA23206CB}"
EndProject
Global
	GlobalSection(SolutionConfigurationPlatforms) = preSolution
		Debug|Any CPU = Debug|Any CPU
		Release|Any CPU = Release|Any CPU
	EndGlobalSection
	GlobalSection(ProjectConfigurationPlatforms) = postSolution
		{7E1AE84A-C779-4770-A1AA-3CCEA23206CB}.Debug|Any CPU.ActiveCfg = Debug|Any CPU
		{7E1AE84A-C779-4770-A1AA-3CCEA23206CB}.Debug|Any CPU.Build.0 = Debug|Any CPU
		{7E1AE84A-C779-4770-A1AA-3CCEA23206CB}.Release|Any CPU.ActiveCfg = Release|Any CPU
		{7E1AE84A-C779-4770-A1AA-3CCEA23206CB}.Release|Any CPU.Build.0 = Release|Any CPU
	EndGlobalSection
	GlobalSection(SolutionProperties) = preSolution
		HideSolutionNode = FALSE
	EndGlobalSection
	GlobalSection(ExtensibilityGlobals) = postSolution
		SolutionGuid = {F3CD7AD3-7667-4220-A57D-A2A46F645D6A}
	EndGlobalSection
EndGlobal
