
Microsoft Visual Studio Solution File, Format Version 12.00
# Visual Studio Version 17
VisualStudioVersion = 17.2.32516.85
MinimumVisualStudioVersion = 10.0.40219.1
Project("{FAE04EC0-301F-11D3-BF4B-00C04F79EFBC}") = "CitasAPI", "CitasAPI\CitasAPI.csproj", "{2CC6FC67-F159-4C8D-8035-DA5DC9CF888B}"
EndProject
Global
	GlobalSection(SolutionConfigurationPlatforms) = preSolution
		Debug|Any CPU = Debug|Any CPU
		Release|Any CPU = Release|Any CPU
	EndGlobalSection
	GlobalSection(ProjectConfigurationPlatforms) = postSolution
		{2CC6FC67-F159-4C8D-8035-DA5DC9CF888B}.Debug|Any CPU.ActiveCfg = Debug|Any CPU
		{2CC6FC67-F159-4C8D-8035-DA5DC9CF888B}.Debug|Any CPU.Build.0 = Debug|Any CPU
		{2CC6FC67-F159-4C8D-8035-DA5DC9CF888B}.Release|Any CPU.ActiveCfg = Release|Any CPU
		{2CC6FC67-F159-4C8D-8035-DA5DC9CF888B}.Release|Any CPU.Build.0 = Release|Any CPU
	EndGlobalSection
	GlobalSection(SolutionProperties) = preSolution
		HideSolutionNode = FALSE
	EndGlobalSection
	GlobalSection(ExtensibilityGlobals) = postSolution
		SolutionGuid = {A9027D0B-9ACE-4B03-82CF-A8CABC8787BA}
	EndGlobalSection
EndGlobal
